
Microsoft Visual Studio Solution File, Format Version 12.00
# Visual Studio for Mac
Project("{FAE04EC0-301F-11D3-BF4B-00C04F79EFBC}") = "Assembly-CSharp", "Assembly-CSharp.csproj", "{E5C27CEF-FCD5-7757-C1B7-70E23A930EFF}"
EndProject
Project("{FAE04EC0-301F-11D3-BF4B-00C04F79EFBC}") = "VuforiaScripts", "VuforiaScripts.csproj", "{DA152351-C663-0D7E-F91D-86EABE8D61C7}"
EndProject
Project("{FAE04EC0-301F-11D3-BF4B-00C04F79EFBC}") = "Assembly-CSharp-Editor", "Assembly-CSharp-Editor.csproj", "{20824F32-C867-DDDB-2C8B-056517B75CF5}"
EndProject
Project("{FAE04EC0-301F-11D3-BF4B-00C04F79EFBC}") = "VuforiaEditorScripts", "VuforiaEditorScripts.csproj", "{343919E6-5149-81BD-9175-C24C50093D3F}"
EndProject
Project("{FAE04EC0-301F-11D3-BF4B-00C04F79EFBC}") = "VuforiaVersionCheckerScripts", "VuforiaVersionCheckerScripts.csproj", "{FB5CC5E1-BF18-7F18-06E1-FFC7F13A6505}"
EndProject
Global
	GlobalSection(SolutionConfigurationPlatforms) = preSolution
		Debug|Any CPU = Debug|Any CPU
		Release|Any CPU = Release|Any CPU
	EndGlobalSection
	GlobalSection(ProjectConfigurationPlatforms) = postSolution
		{E5C27CEF-FCD5-7757-C1B7-70E23A930EFF}.Debug|Any CPU.ActiveCfg = Debug|Any CPU
		{E5C27CEF-FCD5-7757-C1B7-70E23A930EFF}.Debug|Any CPU.Build.0 = Debug|Any CPU
		{E5C27CEF-FCD5-7757-C1B7-70E23A930EFF}.Release|Any CPU.ActiveCfg = Release|Any CPU
		{E5C27CEF-FCD5-7757-C1B7-70E23A930EFF}.Release|Any CPU.Build.0 = Release|Any CPU
		{DA152351-C663-0D7E-F91D-86EABE8D61C7}.Debug|Any CPU.ActiveCfg = Debug|Any CPU
		{DA152351-C663-0D7E-F91D-86EABE8D61C7}.Debug|Any CPU.Build.0 = Debug|Any CPU
		{DA152351-C663-0D7E-F91D-86EABE8D61C7}.Release|Any CPU.ActiveCfg = Release|Any CPU
		{DA152351-C663-0D7E-F91D-86EABE8D61C7}.Release|Any CPU.Build.0 = Release|Any CPU
		{20824F32-C867-DDDB-2C8B-056517B75CF5}.Debug|Any CPU.ActiveCfg = Debug|Any CPU
		{20824F32-C867-DDDB-2C8B-056517B75CF5}.Debug|Any CPU.Build.0 = Debug|Any CPU
		{20824F32-C867-DDDB-2C8B-056517B75CF5}.Release|Any CPU.ActiveCfg = Release|Any CPU
		{20824F32-C867-DDDB-2C8B-056517B75CF5}.Release|Any CPU.Build.0 = Release|Any CPU
		{343919E6-5149-81BD-9175-C24C50093D3F}.Debug|Any CPU.ActiveCfg = Debug|Any CPU
		{343919E6-5149-81BD-9175-C24C50093D3F}.Debug|Any CPU.Build.0 = Debug|Any CPU
		{343919E6-5149-81BD-9175-C24C50093D3F}.Release|Any CPU.ActiveCfg = Release|Any CPU
		{343919E6-5149-81BD-9175-C24C50093D3F}.Release|Any CPU.Build.0 = Release|Any CPU
		{FB5CC5E1-BF18-7F18-06E1-FFC7F13A6505}.Debug|Any CPU.ActiveCfg = Debug|Any CPU
		{FB5CC5E1-BF18-7F18-06E1-FFC7F13A6505}.Debug|Any CPU.Build.0 = Debug|Any CPU
		{FB5CC5E1-BF18-7F18-06E1-FFC7F13A6505}.Release|Any CPU.ActiveCfg = Release|Any CPU
		{FB5CC5E1-BF18-7F18-06E1-FFC7F13A6505}.Release|Any CPU.Build.0 = Release|Any CPU
	EndGlobalSection
	GlobalSection(SolutionProperties) = preSolution
		HideSolutionNode = FALSE
	EndGlobalSection
EndGlobal
